
Microsoft Visual Studio Solution File, Format Version 12.00
# Visual Studio Version 16
VisualStudioVersion = 16.0.30330.147
MinimumVisualStudioVersion = 10.0.40219.1
Project("{FAE04EC0-301F-11D3-BF4B-00C04F79EFBC}") = "Gymen.Android", "Gymen\Gymen.Android\Gymen.Android.csproj", "{16F1D74A-2095-4F4D-A991-A1351D76D3D2}"
EndProject
Project("{FAE04EC0-301F-11D3-BF4B-00C04F79EFBC}") = "Gymen.iOS", "Gymen\Gymen.iOS\Gymen.iOS.csproj", "{DC287A21-4345-4A69-AEE6-2E830D9CE9B5}"
EndProject
Project("{FAE04EC0-301F-11D3-BF4B-00C04F79EFBC}") = "Gymen", "Gymen\Gymen\Gymen.csproj", "{2842A3AA-170A-4FAF-ADEE-7C979B90F9C2}"
EndProject
Global
	GlobalSection(SolutionConfigurationPlatforms) = preSolution
		Debug|Any CPU = Debug|Any CPU
		Debug|iPhone = Debug|iPhone
		Debug|iPhoneSimulator = Debug|iPhoneSimulator
		Release|Any CPU = Release|Any CPU
		Release|iPhone = Release|iPhone
		Release|iPhoneSimulator = Release|iPhoneSimulator
	EndGlobalSection
	GlobalSection(ProjectConfigurationPlatforms) = postSolution
		{16F1D74A-2095-4F4D-A991-A1351D76D3D2}.Debug|Any CPU.ActiveCfg = Debug|Any CPU
		{16F1D74A-2095-4F4D-A991-A1351D76D3D2}.Debug|Any CPU.Build.0 = Debug|Any CPU
		{16F1D74A-2095-4F4D-A991-A1351D76D3D2}.Debug|Any CPU.Deploy.0 = Debug|Any CPU
		{16F1D74A-2095-4F4D-A991-A1351D76D3D2}.Debug|iPhone.ActiveCfg = Debug|Any CPU
		{16F1D74A-2095-4F4D-A991-A1351D76D3D2}.Debug|iPhone.Build.0 = Debug|Any CPU
		{16F1D74A-2095-4F4D-A991-A1351D76D3D2}.Debug|iPhone.Deploy.0 = Debug|Any CPU
		{16F1D74A-2095-4F4D-A991-A1351D76D3D2}.Debug|iPhoneSimulator.ActiveCfg = Debug|Any CPU
		{16F1D74A-2095-4F4D-A991-A1351D76D3D2}.Debug|iPhoneSimulator.Build.0 = Debug|Any CPU
		{16F1D74A-2095-4F4D-A991-A1351D76D3D2}.Debug|iPhoneSimulator.Deploy.0 = Debug|Any CPU
		{16F1D74A-2095-4F4D-A991-A1351D76D3D2}.Release|Any CPU.ActiveCfg = Release|Any CPU
		{16F1D74A-2095-4F4D-A991-A1351D76D3D2}.Release|Any CPU.Build.0 = Release|Any CPU
		{16F1D74A-2095-4F4D-A991-A1351D76D3D2}.Release|Any CPU.Deploy.0 = Release|Any CPU
		{16F1D74A-2095-4F4D-A991-A1351D76D3D2}.Release|iPhone.ActiveCfg = Release|Any CPU
		{16F1D74A-2095-4F4D-A991-A1351D76D3D2}.Release|iPhone.Build.0 = Release|Any CPU
		{16F1D74A-2095-4F4D-A991-A1351D76D3D2}.Release|iPhone.Deploy.0 = Release|Any CPU
		{16F1D74A-2095-4F4D-A991-A1351D76D3D2}.Release|iPhoneSimulator.ActiveCfg = Release|Any CPU
		{16F1D74A-2095-4F4D-A991-A1351D76D3D2}.Release|iPhoneSimulator.Build.0 = Release|Any CPU
		{16F1D74A-2095-4F4D-A991-A1351D76D3D2}.Release|iPhoneSimulator.Deploy.0 = Release|Any CPU
		{DC287A21-4345-4A69-AEE6-2E830D9CE9B5}.Debug|Any CPU.ActiveCfg = Debug|iPhone
		{DC287A21-4345-4A69-AEE6-2E830D9CE9B5}.Debug|Any CPU.Build.0 = Debug|iPhone
		{DC287A21-4345-4A69-AEE6-2E830D9CE9B5}.Debug|Any CPU.Deploy.0 = Debug|iPhone
		{DC287A21-4345-4A69-AEE6-2E830D9CE9B5}.Debug|iPhone.ActiveCfg = Debug|iPhone
		{DC287A21-4345-4A69-AEE6-2E830D9CE9B5}.Debug|iPhone.Build.0 = Debug|iPhone
		{DC287A21-4345-4A69-AEE6-2E830D9CE9B5}.Debug|iPhone.Deploy.0 = Debug|iPhone
		{DC287A21-4345-4A69-AEE6-2E830D9CE9B5}.Debug|iPhoneSimulator.ActiveCfg = Debug|iPhoneSimulator
		{DC287A21-4345-4A69-AEE6-2E830D9CE9B5}.Debug|iPhoneSimulator.Build.0 = Debug|iPhoneSimulator
		{DC287A21-4345-4A69-AEE6-2E830D9CE9B5}.Debug|iPhoneSimulator.Deploy.0 = Debug|iPhoneSimulator
		{DC287A21-4345-4A69-AEE6-2E830D9CE9B5}.Release|Any CPU.ActiveCfg = Release|iPhone
		{DC287A21-4345-4A69-AEE6-2E830D9CE9B5}.Release|Any CPU.Build.0 = Release|iPhone
		{DC287A21-4345-4A69-AEE6-2E830D9CE9B5}.Release|Any CPU.Deploy.0 = Release|iPhone
		{DC287A21-4345-4A69-AEE6-2E830D9CE9B5}.Release|iPhone.ActiveCfg = Release|iPhone
		{DC287A21-4345-4A69-AEE6-2E830D9CE9B5}.Release|iPhone.Build.0 = Release|iPhone
		{DC287A21-4345-4A69-AEE6-2E830D9CE9B5}.Release|iPhone.Deploy.0 = Release|iPhone
		{DC287A21-4345-4A69-AEE6-2E830D9CE9B5}.Release|iPhoneSimulator.ActiveCfg = Release|iPhoneSimulator
		{DC287A21-4345-4A69-AEE6-2E830D9CE9B5}.Release|iPhoneSimulator.Build.0 = Release|iPhoneSimulator
		{DC287A21-4345-4A69-AEE6-2E830D9CE9B5}.Release|iPhoneSimulator.Deploy.0 = Release|iPhoneSimulator
		{2842A3AA-170A-4FAF-ADEE-7C979B90F9C2}.Debug|Any CPU.ActiveCfg = Debug|Any CPU
		{2842A3AA-170A-4FAF-ADEE-7C979B90F9C2}.Debug|Any CPU.Build.0 = Debug|Any CPU
		{2842A3AA-170A-4FAF-ADEE-7C979B90F9C2}.Debug|Any CPU.Deploy.0 = Debug|Any CPU
		{2842A3AA-170A-4FAF-ADEE-7C979B90F9C2}.Debug|iPhone.ActiveCfg = Debug|Any CPU
		{2842A3AA-170A-4FAF-ADEE-7C979B90F9C2}.Debug|iPhone.Build.0 = Debug|Any CPU
		{2842A3AA-170A-4FAF-ADEE-7C979B90F9C2}.Debug|iPhone.Deploy.0 = Debug|Any CPU
		{2842A3AA-170A-4FAF-ADEE-7C979B90F9C2}.Debug|iPhoneSimulator.ActiveCfg = Debug|Any CPU
		{2842A3AA-170A-4FAF-ADEE-7C979B90F9C2}.Debug|iPhoneSimulator.Build.0 = Debug|Any CPU
		{2842A3AA-170A-4FAF-ADEE-7C979B90F9C2}.Debug|iPhoneSimulator.Deploy.0 = Debug|Any CPU
		{2842A3AA-170A-4FAF-ADEE-7C979B90F9C2}.Release|Any CPU.ActiveCfg = Release|Any CPU
		{2842A3AA-170A-4FAF-ADEE-7C979B90F9C2}.Release|Any CPU.Build.0 = Release|Any CPU
		{2842A3AA-170A-4FAF-ADEE-7C979B90F9C2}.Release|Any CPU.Deploy.0 = Release|Any CPU
		{2842A3AA-170A-4FAF-ADEE-7C979B90F9C2}.Release|iPhone.ActiveCfg = Release|Any CPU
		{2842A3AA-170A-4FAF-ADEE-7C979B90F9C2}.Release|iPhone.Build.0 = Release|Any CPU
		{2842A3AA-170A-4FAF-ADEE-7C979B90F9C2}.Release|iPhone.Deploy.0 = Release|Any CPU
		{2842A3AA-170A-4FAF-ADEE-7C979B90F9C2}.Release|iPhoneSimulator.ActiveCfg = Release|Any CPU
		{2842A3AA-170A-4FAF-ADEE-7C979B90F9C2}.Release|iPhoneSimulator.Build.0 = Release|Any CPU
		{2842A3AA-170A-4FAF-ADEE-7C979B90F9C2}.Release|iPhoneSimulator.Deploy.0 = Release|Any CPU
	EndGlobalSection
	GlobalSection(SolutionProperties) = preSolution
		HideSolutionNode = FALSE
	EndGlobalSection
	GlobalSection(ExtensibilityGlobals) = postSolution
		SolutionGuid = {A2B812CD-0CB1-4200-8CD5-2B87D7629E0D}
	EndGlobalSection
EndGlobal
